
Microsoft Visual Studio Solution File, Format Version 12.00
# Visual Studio 15
VisualStudioVersion = 15.0.28307.271
MinimumVisualStudioVersion = 10.0.40219.1
Project("{FAE04EC0-301F-11D3-BF4B-00C04F79EFBC}") = "CSharpStatisticLib", "CSharpStatisticLib\CSharpStatisticLib.csproj", "{520439CE-BB1F-403F-B90F-DFBB0267EBB2}"
EndProject
Project("{FAE04EC0-301F-11D3-BF4B-00C04F79EFBC}") = "Examples", "Examples\Examples.csproj", "{6D1C9147-7A23-4AF9-BAEB-58B7BC79CC81}"
EndProject
Global
	GlobalSection(SolutionConfigurationPlatforms) = preSolution
		Debug|Any CPU = Debug|Any CPU
		Release|Any CPU = Release|Any CPU
	EndGlobalSection
	GlobalSection(ProjectConfigurationPlatforms) = postSolution
		{520439CE-BB1F-403F-B90F-DFBB0267EBB2}.Debug|Any CPU.ActiveCfg = Debug|Any CPU
		{520439CE-BB1F-403F-B90F-DFBB0267EBB2}.Debug|Any CPU.Build.0 = Debug|Any CPU
		{520439CE-BB1F-403F-B90F-DFBB0267EBB2}.Release|Any CPU.ActiveCfg = Release|Any CPU
		{520439CE-BB1F-403F-B90F-DFBB0267EBB2}.Release|Any CPU.Build.0 = Release|Any CPU
		{6D1C9147-7A23-4AF9-BAEB-58B7BC79CC81}.Debug|Any CPU.ActiveCfg = Debug|Any CPU
		{6D1C9147-7A23-4AF9-BAEB-58B7BC79CC81}.Debug|Any CPU.Build.0 = Debug|Any CPU
		{6D1C9147-7A23-4AF9-BAEB-58B7BC79CC81}.Release|Any CPU.ActiveCfg = Release|Any CPU
		{6D1C9147-7A23-4AF9-BAEB-58B7BC79CC81}.Release|Any CPU.Build.0 = Release|Any CPU
	EndGlobalSection
	GlobalSection(SolutionProperties) = preSolution
		HideSolutionNode = FALSE
	EndGlobalSection
	GlobalSection(ExtensibilityGlobals) = postSolution
		SolutionGuid = {5E27FEEE-7565-4130-87D1-D9B63F02216B}
	EndGlobalSection
EndGlobal
